
Microsoft Visual Studio Solution File, Format Version 12.00
# Visual Studio 15
Project("{FAE04EC0-301F-11D3-BF4B-00C04F79EFBC}") = "Assembly-CSharp", "Assembly-CSharp.csproj", "{991742EF-E5FC-2C25-CEC4-E2A9CA602037}"
EndProject
Project("{FAE04EC0-301F-11D3-BF4B-00C04F79EFBC}") = "DOTween.Modules", "DOTween.Modules.csproj", "{7105CCD5-5062-90DB-3DDD-96989A380C11}"
EndProject
Global
	GlobalSection(SolutionConfigurationPlatforms) = preSolution
		Debug|Any CPU = Debug|Any CPU
		Release|Any CPU = Release|Any CPU
	EndGlobalSection
	GlobalSection(ProjectConfigurationPlatforms) = postSolution
		{991742EF-E5FC-2C25-CEC4-E2A9CA602037}.Debug|Any CPU.ActiveCfg = Debug|Any CPU
		{991742EF-E5FC-2C25-CEC4-E2A9CA602037}.Debug|Any CPU.Build.0 = Debug|Any CPU
		{991742EF-E5FC-2C25-CEC4-E2A9CA602037}.Release|Any CPU.ActiveCfg = Release|Any CPU
		{991742EF-E5FC-2C25-CEC4-E2A9CA602037}.Release|Any CPU.Build.0 = Release|Any CPU
		{7105CCD5-5062-90DB-3DDD-96989A380C11}.Debug|Any CPU.ActiveCfg = Debug|Any CPU
		{7105CCD5-5062-90DB-3DDD-96989A380C11}.Debug|Any CPU.Build.0 = Debug|Any CPU
		{7105CCD5-5062-90DB-3DDD-96989A380C11}.Release|Any CPU.ActiveCfg = Release|Any CPU
		{7105CCD5-5062-90DB-3DDD-96989A380C11}.Release|Any CPU.Build.0 = Release|Any CPU
	EndGlobalSection
	GlobalSection(SolutionProperties) = preSolution
		HideSolutionNode = FALSE
	EndGlobalSection
EndGlobal
